// !$*UTF8*$!
{
	archiveVersion = 1;
	classes = {
	};
	objectVersion = 56;
	objects = {

/* Begin PBXBuildFile section */
		34C3CC9D192F5B8F3522E1DB /* Pods_AuthApp.framework in Frameworks */ = {isa = PBXBuildFile; fileRef = 61CAA4A718EA784AD3C1A5E2 /* Pods_AuthApp.framework */; };
		8F0301D82BFE87CE00945DDA /* AppDelegate.swift in Sources */ = {isa = PBXBuildFile; fileRef = 8F0301D72BFE87CE00945DDA /* AppDelegate.swift */; };
		8F0301DA2BFE87CE00945DDA /* SceneDelegate.swift in Sources */ = {isa = PBXBuildFile; fileRef = 8F0301D92BFE87CE00945DDA /* SceneDelegate.swift */; };
		8F0301E12BFE87CF00945DDA /* Assets.xcassets in Resources */ = {isa = PBXBuildFile; fileRef = 8F0301E02BFE87CF00945DDA /* Assets.xcassets */; };
		8F0301E42BFE87CF00945DDA /* Base in Resources */ = {isa = PBXBuildFile; fileRef = 8F0301E32BFE87CF00945DDA /* Base */; };
		8F9CC0592C011D10006DEBB9 /* AuthTextField.swift in Sources */ = {isa = PBXBuildFile; fileRef = 8F9CC0582C011D10006DEBB9 /* AuthTextField.swift */; };
		8F9CC05B2C0129F0006DEBB9 /* GoogleService-Info.plist in Resources */ = {isa = PBXBuildFile; fileRef = 8F9CC05A2C0129F0006DEBB9 /* GoogleService-Info.plist */; };
		8F9CC0602C01477E006DEBB9 /* AlertPresentable.swift in Sources */ = {isa = PBXBuildFile; fileRef = 8F9CC05F2C01477E006DEBB9 /* AlertPresentable.swift */; };
		8FA803FC2C00A621004A4B3B /* LoginViewController.swift in Sources */ = {isa = PBXBuildFile; fileRef = 8FA803FB2C00A621004A4B3B /* LoginViewController.swift */; };
		8FA804002C00A9BA004A4B3B /* UIColor+extension.swift in Sources */ = {isa = PBXBuildFile; fileRef = 8FA803FF2C00A9BA004A4B3B /* UIColor+extension.swift */; };
		8FE3F56D2C00CC3200272FE9 /* UITextField+extension.swift in Sources */ = {isa = PBXBuildFile; fileRef = 8FE3F56C2C00CC3200272FE9 /* UITextField+extension.swift */; };
		8FE3F56F2C00D0FE00272FE9 /* LoginViewModel.swift in Sources */ = {isa = PBXBuildFile; fileRef = 8FE3F56E2C00D0FE00272FE9 /* LoginViewModel.swift */; };
		8FE3F5712C00D13600272FE9 /* LoginModuleConfigurator.swift in Sources */ = {isa = PBXBuildFile; fileRef = 8FE3F5702C00D13600272FE9 /* LoginModuleConfigurator.swift */; };
/* End PBXBuildFile section */

/* Begin PBXFileReference section */
		495FF08267A5FB55C612C5BF /* Pods-AuthApp.debug.xcconfig */ = {isa = PBXFileReference; includeInIndex = 1; lastKnownFileType = text.xcconfig; name = "Pods-AuthApp.debug.xcconfig"; path = "Target Support Files/Pods-AuthApp/Pods-AuthApp.debug.xcconfig"; sourceTree = "<group>"; };
		6129C623526D0D28892761AE /* Pods-AuthApp.release.xcconfig */ = {isa = PBXFileReference; includeInIndex = 1; lastKnownFileType = text.xcconfig; name = "Pods-AuthApp.release.xcconfig"; path = "Target Support Files/Pods-AuthApp/Pods-AuthApp.release.xcconfig"; sourceTree = "<group>"; };
		61CAA4A718EA784AD3C1A5E2 /* Pods_AuthApp.framework */ = {isa = PBXFileReference; explicitFileType = wrapper.framework; includeInIndex = 0; path = Pods_AuthApp.framework; sourceTree = BUILT_PRODUCTS_DIR; };
		8F0301D42BFE87CE00945DDA /* AuthApp.app */ = {isa = PBXFileReference; explicitFileType = wrapper.application; includeInIndex = 0; path = AuthApp.app; sourceTree = BUILT_PRODUCTS_DIR; };
		8F0301D72BFE87CE00945DDA /* AppDelegate.swift */ = {isa = PBXFileReference; lastKnownFileType = sourcecode.swift; path = AppDelegate.swift; sourceTree = "<group>"; };
		8F0301D92BFE87CE00945DDA /* SceneDelegate.swift */ = {isa = PBXFileReference; lastKnownFileType = sourcecode.swift; path = SceneDelegate.swift; sourceTree = "<group>"; };
		8F0301E02BFE87CF00945DDA /* Assets.xcassets */ = {isa = PBXFileReference; lastKnownFileType = folder.assetcatalog; path = Assets.xcassets; sourceTree = "<group>"; };
		8F0301E32BFE87CF00945DDA /* Base */ = {isa = PBXFileReference; lastKnownFileType = file.storyboard; name = Base; path = Base.lproj/LaunchScreen.storyboard; sourceTree = "<group>"; };
		8F0301E52BFE87CF00945DDA /* Info.plist */ = {isa = PBXFileReference; lastKnownFileType = text.plist.xml; path = Info.plist; sourceTree = "<group>"; };
		8F9CC0582C011D10006DEBB9 /* AuthTextField.swift */ = {isa = PBXFileReference; lastKnownFileType = sourcecode.swift; path = AuthTextField.swift; sourceTree = "<group>"; };
		8F9CC05A2C0129F0006DEBB9 /* GoogleService-Info.plist */ = {isa = PBXFileReference; fileEncoding = 4; lastKnownFileType = text.plist.xml; path = "GoogleService-Info.plist"; sourceTree = "<group>"; };
		8F9CC05F2C01477E006DEBB9 /* AlertPresentable.swift */ = {isa = PBXFileReference; lastKnownFileType = sourcecode.swift; path = AlertPresentable.swift; sourceTree = "<group>"; };
		8FA803FB2C00A621004A4B3B /* LoginViewController.swift */ = {isa = PBXFileReference; lastKnownFileType = sourcecode.swift; path = LoginViewController.swift; sourceTree = "<group>"; };
		8FA803FF2C00A9BA004A4B3B /* UIColor+extension.swift */ = {isa = PBXFileReference; lastKnownFileType = sourcecode.swift; path = "UIColor+extension.swift"; sourceTree = "<group>"; };
		8FE3F56C2C00CC3200272FE9 /* UITextField+extension.swift */ = {isa = PBXFileReference; lastKnownFileType = sourcecode.swift; path = "UITextField+extension.swift"; sourceTree = "<group>"; };
		8FE3F56E2C00D0FE00272FE9 /* LoginViewModel.swift */ = {isa = PBXFileReference; lastKnownFileType = sourcecode.swift; path = LoginViewModel.swift; sourceTree = "<group>"; };
		8FE3F5702C00D13600272FE9 /* LoginModuleConfigurator.swift */ = {isa = PBXFileReference; lastKnownFileType = sourcecode.swift; path = LoginModuleConfigurator.swift; sourceTree = "<group>"; };
/* End PBXFileReference section */

/* Begin PBXFrameworksBuildPhase section */
		8F0301D12BFE87CE00945DDA /* Frameworks */ = {
			isa = PBXFrameworksBuildPhase;
			buildActionMask = 2147483647;
			files = (
				34C3CC9D192F5B8F3522E1DB /* Pods_AuthApp.framework in Frameworks */,
			);
			runOnlyForDeploymentPostprocessing = 0;
		};
/* End PBXFrameworksBuildPhase section */

/* Begin PBXGroup section */
		18A0A93B3F75DE493A810B5C /* Pods */ = {
			isa = PBXGroup;
			children = (
				495FF08267A5FB55C612C5BF /* Pods-AuthApp.debug.xcconfig */,
				6129C623526D0D28892761AE /* Pods-AuthApp.release.xcconfig */,
			);
			path = Pods;
			sourceTree = "<group>";
		};
		5335578219413C9CB1DF67AE /* Frameworks */ = {
			isa = PBXGroup;
			children = (
				61CAA4A718EA784AD3C1A5E2 /* Pods_AuthApp.framework */,
			);
			name = Frameworks;
			sourceTree = "<group>";
		};
		8F0301CB2BFE87CE00945DDA = {
			isa = PBXGroup;
			children = (
				8F0301D62BFE87CE00945DDA /* AuthApp */,
				8F0301D52BFE87CE00945DDA /* Products */,
				18A0A93B3F75DE493A810B5C /* Pods */,
				5335578219413C9CB1DF67AE /* Frameworks */,
			);
			sourceTree = "<group>";
		};
		8F0301D52BFE87CE00945DDA /* Products */ = {
			isa = PBXGroup;
			children = (
				8F0301D42BFE87CE00945DDA /* AuthApp.app */,
			);
			name = Products;
			sourceTree = "<group>";
		};
		8F0301D62BFE87CE00945DDA /* AuthApp */ = {
			isa = PBXGroup;
			children = (
				8F9CC05C2C01348F006DEBB9 /* Services */,
				8F9CC0572C011CF3006DEBB9 /* CustomViews */,
				8FE3F5722C00D18000272FE9 /* Helpers */,
				8FA803FE2C00A9AB004A4B3B /* Extensions */,
				8FA803FD2C00A77F004A4B3B /* AppRoot */,
				8FA803F72C00A5D8004A4B3B /* Modules */,
				8F0301E02BFE87CF00945DDA /* Assets.xcassets */,
				8F0301E22BFE87CF00945DDA /* LaunchScreen.storyboard */,
				8F0301E52BFE87CF00945DDA /* Info.plist */,
				8F9CC05A2C0129F0006DEBB9 /* GoogleService-Info.plist */,
			);
			path = AuthApp;
			sourceTree = "<group>";
		};
		8F9CC0572C011CF3006DEBB9 /* CustomViews */ = {
			isa = PBXGroup;
			children = (
				8F9CC0582C011D10006DEBB9 /* AuthTextField.swift */,
			);
			path = CustomViews;
			sourceTree = "<group>";
		};
		8F9CC05C2C01348F006DEBB9 /* Services */ = {
			isa = PBXGroup;
			children = (
			);
			path = Services;
			sourceTree = "<group>";
		};
		8FA803F62C00A5C6004A4B3B /* Authorization */ = {
			isa = PBXGroup;
			children = (
				8FA803F92C00A605004A4B3B /* Registration */,
				8FA803F82C00A5FA004A4B3B /* Login */,
			);
			path = Authorization;
			sourceTree = "<group>";
		};
		8FA803F72C00A5D8004A4B3B /* Modules */ = {
			isa = PBXGroup;
			children = (
				8FA803F62C00A5C6004A4B3B /* Authorization */,
			);
			path = Modules;
			sourceTree = "<group>";
		};
		8FA803F82C00A5FA004A4B3B /* Login */ = {
			isa = PBXGroup;
			children = (
				8FA803FB2C00A621004A4B3B /* LoginViewController.swift */,
				8FE3F56E2C00D0FE00272FE9 /* LoginViewModel.swift */,
				8FE3F5702C00D13600272FE9 /* LoginModuleConfigurator.swift */,
			);
			path = Login;
			sourceTree = "<group>";
		};
		8FA803F92C00A605004A4B3B /* Registration */ = {
			isa = PBXGroup;
			children = (
			);
			path = Registration;
			sourceTree = "<group>";
		};
		8FA803FD2C00A77F004A4B3B /* AppRoot */ = {
			isa = PBXGroup;
			children = (
				8F0301D72BFE87CE00945DDA /* AppDelegate.swift */,
				8F0301D92BFE87CE00945DDA /* SceneDelegate.swift */,
			);
			path = AppRoot;
			sourceTree = "<group>";
		};
		8FA803FE2C00A9AB004A4B3B /* Extensions */ = {
			isa = PBXGroup;
			children = (
				8FA803FF2C00A9BA004A4B3B /* UIColor+extension.swift */,
				8FE3F56C2C00CC3200272FE9 /* UITextField+extension.swift */,
			);
			path = Extensions;
			sourceTree = "<group>";
		};
		8FE3F5722C00D18000272FE9 /* Helpers */ = {
			isa = PBXGroup;
			children = (
				8F9CC05F2C01477E006DEBB9 /* AlertPresentable.swift */,
			);
			path = Helpers;
			sourceTree = "<group>";
		};
/* End PBXGroup section */

/* Begin PBXNativeTarget section */
		8F0301D32BFE87CE00945DDA /* AuthApp */ = {
			isa = PBXNativeTarget;
			buildConfigurationList = 8F0301E82BFE87CF00945DDA /* Build configuration list for PBXNativeTarget "AuthApp" */;
			buildPhases = (
				9A39F954E3F6202DEFE91713 /* [CP] Check Pods Manifest.lock */,
				8F0301D02BFE87CE00945DDA /* Sources */,
				8F0301D12BFE87CE00945DDA /* Frameworks */,
				8F0301D22BFE87CE00945DDA /* Resources */,
				D6071C42F2525116CF6E2A2C /* [CP] Embed Pods Frameworks */,
			);
			buildRules = (
			);
			dependencies = (
			);
			name = AuthApp;
			productName = AuthApp;
			productReference = 8F0301D42BFE87CE00945DDA /* AuthApp.app */;
			productType = "com.apple.product-type.application";
		};
/* End PBXNativeTarget section */

/* Begin PBXProject section */
		8F0301CC2BFE87CE00945DDA /* Project object */ = {
			isa = PBXProject;
			attributes = {
				BuildIndependentTargetsInParallel = 1;
				LastSwiftUpdateCheck = 1530;
				LastUpgradeCheck = 1530;
				TargetAttributes = {
					8F0301D32BFE87CE00945DDA = {
						CreatedOnToolsVersion = 15.3;
					};
				};
			};
			buildConfigurationList = 8F0301CF2BFE87CE00945DDA /* Build configuration list for PBXProject "AuthApp" */;
			compatibilityVersion = "Xcode 14.0";
			developmentRegion = en;
			hasScannedForEncodings = 0;
			knownRegions = (
				en,
				Base,
			);
			mainGroup = 8F0301CB2BFE87CE00945DDA;
			productRefGroup = 8F0301D52BFE87CE00945DDA /* Products */;
			projectDirPath = "";
			projectRoot = "";
			targets = (
				8F0301D32BFE87CE00945DDA /* AuthApp */,
			);
		};
/* End PBXProject section */

/* Begin PBXResourcesBuildPhase section */
		8F0301D22BFE87CE00945DDA /* Resources */ = {
			isa = PBXResourcesBuildPhase;
			buildActionMask = 2147483647;
			files = (
				8F0301E12BFE87CF00945DDA /* Assets.xcassets in Resources */,
				8F0301E42BFE87CF00945DDA /* Base in Resources */,
				8F9CC05B2C0129F0006DEBB9 /* GoogleService-Info.plist in Resources */,
			);
			runOnlyForDeploymentPostprocessing = 0;
		};
/* End PBXResourcesBuildPhase section */

/* Begin PBXShellScriptBuildPhase section */
		9A39F954E3F6202DEFE91713 /* [CP] Check Pods Manifest.lock */ = {
			isa = PBXShellScriptBuildPhase;
			buildActionMask = 2147483647;
			files = (
			);
			inputFileListPaths = (
			);
			inputPaths = (
				"${PODS_PODFILE_DIR_PATH}/Podfile.lock",
				"${PODS_ROOT}/Manifest.lock",
			);
			name = "[CP] Check Pods Manifest.lock";
			outputFileListPaths = (
			);
			outputPaths = (
				"$(DERIVED_FILE_DIR)/Pods-AuthApp-checkManifestLockResult.txt",
			);
			runOnlyForDeploymentPostprocessing = 0;
			shellPath = /bin/sh;
			shellScript = "diff \"${PODS_PODFILE_DIR_PATH}/Podfile.lock\" \"${PODS_ROOT}/Manifest.lock\" > /dev/null\nif [ $? != 0 ] ; then\n    # print error to STDERR\n    echo \"error: The sandbox is not in sync with the Podfile.lock. Run 'pod install' or update your CocoaPods installation.\" >&2\n    exit 1\nfi\n# This output is used by Xcode 'outputs' to avoid re-running this script phase.\necho \"SUCCESS\" > \"${SCRIPT_OUTPUT_FILE_0}\"\n";
			showEnvVarsInLog = 0;
		};
		D6071C42F2525116CF6E2A2C /* [CP] Embed Pods Frameworks */ = {
			isa = PBXShellScriptBuildPhase;
			buildActionMask = 2147483647;
			files = (
			);
			inputFileListPaths = (
				"${PODS_ROOT}/Target Support Files/Pods-AuthApp/Pods-AuthApp-frameworks-${CONFIGURATION}-input-files.xcfilelist",
			);
			name = "[CP] Embed Pods Frameworks";
			outputFileListPaths = (
				"${PODS_ROOT}/Target Support Files/Pods-AuthApp/Pods-AuthApp-frameworks-${CONFIGURATION}-output-files.xcfilelist",
			);
			runOnlyForDeploymentPostprocessing = 0;
			shellPath = /bin/sh;
			shellScript = "\"${PODS_ROOT}/Target Support Files/Pods-AuthApp/Pods-AuthApp-frameworks.sh\"\n";
			showEnvVarsInLog = 0;
		};
/* End PBXShellScriptBuildPhase section */

/* Begin PBXSourcesBuildPhase section */
		8F0301D02BFE87CE00945DDA /* Sources */ = {
			isa = PBXSourcesBuildPhase;
			buildActionMask = 2147483647;
			files = (
				8FE3F5712C00D13600272FE9 /* LoginModuleConfigurator.swift in Sources */,
				8F9CC0602C01477E006DEBB9 /* AlertPresentable.swift in Sources */,
				8F9CC0592C011D10006DEBB9 /* AuthTextField.swift in Sources */,
				8FA803FC2C00A621004A4B3B /* LoginViewController.swift in Sources */,
				8F0301D82BFE87CE00945DDA /* AppDelegate.swift in Sources */,
				8FE3F56F2C00D0FE00272FE9 /* LoginViewModel.swift in Sources */,
				8F0301DA2BFE87CE00945DDA /* SceneDelegate.swift in Sources */,
				8FA804002C00A9BA004A4B3B /* UIColor+extension.swift in Sources */,
				8FE3F56D2C00CC3200272FE9 /* UITextField+extension.swift in Sources */,
			);
			runOnlyForDeploymentPostprocessing = 0;
		};
/* End PBXSourcesBuildPhase section */

/* Begin PBXVariantGroup section */
		8F0301E22BFE87CF00945DDA /* LaunchScreen.storyboard */ = {
			isa = PBXVariantGroup;
			children = (
				8F0301E32BFE87CF00945DDA /* Base */,
			);
			name = LaunchScreen.storyboard;
			sourceTree = "<group>";
		};
/* End PBXVariantGroup section */

/* Begin XCBuildConfiguration section */
		8F0301E62BFE87CF00945DDA /* Debug */ = {
			isa = XCBuildConfiguration;
			buildSettings = {
				ALWAYS_SEARCH_USER_PATHS = NO;
				ASSETCATALOG_COMPILER_GENERATE_SWIFT_ASSET_SYMBOL_EXTENSIONS = YES;
				CLANG_ANALYZER_NONNULL = YES;
				CLANG_ANALYZER_NUMBER_OBJECT_CONVERSION = YES_AGGRESSIVE;
				CLANG_CXX_LANGUAGE_STANDARD = "gnu++20";
				CLANG_ENABLE_MODULES = YES;
				CLANG_ENABLE_OBJC_ARC = YES;
				CLANG_ENABLE_OBJC_WEAK = YES;
				CLANG_WARN_BLOCK_CAPTURE_AUTORELEASING = YES;
				CLANG_WARN_BOOL_CONVERSION = YES;
				CLANG_WARN_COMMA = YES;
				CLANG_WARN_CONSTANT_CONVERSION = YES;
				CLANG_WARN_DEPRECATED_OBJC_IMPLEMENTATIONS = YES;
				CLANG_WARN_DIRECT_OBJC_ISA_USAGE = YES_ERROR;
				CLANG_WARN_DOCUMENTATION_COMMENTS = YES;
				CLANG_WARN_EMPTY_BODY = YES;
				CLANG_WARN_ENUM_CONVERSION = YES;
				CLANG_WARN_INFINITE_RECURSION = YES;
				CLANG_WARN_INT_CONVERSION = YES;
				CLANG_WARN_NON_LITERAL_NULL_CONVERSION = YES;
				CLANG_WARN_OBJC_IMPLICIT_RETAIN_SELF = YES;
				CLANG_WARN_OBJC_LITERAL_CONVERSION = YES;
				CLANG_WARN_OBJC_ROOT_CLASS = YES_ERROR;
				CLANG_WARN_QUOTED_INCLUDE_IN_FRAMEWORK_HEADER = YES;
				CLANG_WARN_RANGE_LOOP_ANALYSIS = YES;
				CLANG_WARN_STRICT_PROTOTYPES = YES;
				CLANG_WARN_SUSPICIOUS_MOVE = YES;
				CLANG_WARN_UNGUARDED_AVAILABILITY = YES_AGGRESSIVE;
				CLANG_WARN_UNREACHABLE_CODE = YES;
				CLANG_WARN__DUPLICATE_METHOD_MATCH = YES;
				COPY_PHASE_STRIP = NO;
				DEBUG_INFORMATION_FORMAT = dwarf;
				ENABLE_STRICT_OBJC_MSGSEND = YES;
				ENABLE_TESTABILITY = YES;
				ENABLE_USER_SCRIPT_SANDBOXING = NO;
				GCC_C_LANGUAGE_STANDARD = gnu17;
				GCC_DYNAMIC_NO_PIC = NO;
				GCC_NO_COMMON_BLOCKS = YES;
				GCC_OPTIMIZATION_LEVEL = 0;
				GCC_PREPROCESSOR_DEFINITIONS = (
					"DEBUG=1",
					"$(inherited)",
				);
				GCC_WARN_64_TO_32_BIT_CONVERSION = YES;
				GCC_WARN_ABOUT_RETURN_TYPE = YES_ERROR;
				GCC_WARN_UNDECLARED_SELECTOR = YES;
				GCC_WARN_UNINITIALIZED_AUTOS = YES_AGGRESSIVE;
				GCC_WARN_UNUSED_FUNCTION = YES;
				GCC_WARN_UNUSED_VARIABLE = YES;
				IPHONEOS_DEPLOYMENT_TARGET = 15.0;
				LOCALIZATION_PREFERS_STRING_CATALOGS = YES;
				MTL_ENABLE_DEBUG_INFO = INCLUDE_SOURCE;
				MTL_FAST_MATH = YES;
				ONLY_ACTIVE_ARCH = YES;
				SDKROOT = iphoneos;
				SWIFT_ACTIVE_COMPILATION_CONDITIONS = "DEBUG $(inherited)";
				SWIFT_OPTIMIZATION_LEVEL = "-Onone";
			};
			name = Debug;
		};
		8F0301E72BFE87CF00945DDA /* Release */ = {
			isa = XCBuildConfiguration;
			buildSettings = {
				ALWAYS_SEARCH_USER_PATHS = NO;
				ASSETCATALOG_COMPILER_GENERATE_SWIFT_ASSET_SYMBOL_EXTENSIONS = YES;
				CLANG_ANALYZER_NONNULL = YES;
				CLANG_ANALYZER_NUMBER_OBJECT_CONVERSION = YES_AGGRESSIVE;
				CLANG_CXX_LANGUAGE_STANDARD = "gnu++20";
				CLANG_ENABLE_MODULES = YES;
				CLANG_ENABLE_OBJC_ARC = YES;
				CLANG_ENABLE_OBJC_WEAK = YES;
				CLANG_WARN_BLOCK_CAPTURE_AUTORELEASING = YES;
				CLANG_WARN_BOOL_CONVERSION = YES;
				CLANG_WARN_COMMA = YES;
				CLANG_WARN_CONSTANT_CONVERSION = YES;
				CLANG_WARN_DEPRECATED_OBJC_IMPLEMENTATIONS = YES;
				CLANG_WARN_DIRECT_OBJC_ISA_USAGE = YES_ERROR;
				CLANG_WARN_DOCUMENTATION_COMMENTS = YES;
				CLANG_WARN_EMPTY_BODY = YES;
				CLANG_WARN_ENUM_CONVERSION = YES;
				CLANG_WARN_INFINITE_RECURSION = YES;
				CLANG_WARN_INT_CONVERSION = YES;
				CLANG_WARN_NON_LITERAL_NULL_CONVERSION = YES;
				CLANG_WARN_OBJC_IMPLICIT_RETAIN_SELF = YES;
				CLANG_WARN_OBJC_LITERAL_CONVERSION = YES;
				CLANG_WARN_OBJC_ROOT_CLASS = YES_ERROR;
				CLANG_WARN_QUOTED_INCLUDE_IN_FRAMEWORK_HEADER = YES;
				CLANG_WARN_RANGE_LOOP_ANALYSIS = YES;
				CLANG_WARN_STRICT_PROTOTYPES = YES;
				CLANG_WARN_SUSPICIOUS_MOVE = YES;
				CLANG_WARN_UNGUARDED_AVAILABILITY = YES_AGGRESSIVE;
				CLANG_WARN_UNREACHABLE_CODE = YES;
				CLANG_WARN__DUPLICATE_METHOD_MATCH = YES;
				COPY_PHASE_STRIP = NO;
				DEBUG_INFORMATION_FORMAT = "dwarf-with-dsym";
				ENABLE_NS_ASSERTIONS = NO;
				ENABLE_STRICT_OBJC_MSGSEND = YES;
				ENABLE_USER_SCRIPT_SANDBOXING = NO;
				GCC_C_LANGUAGE_STANDARD = gnu17;
				GCC_NO_COMMON_BLOCKS = YES;
				GCC_WARN_64_TO_32_BIT_CONVERSION = YES;
				GCC_WARN_ABOUT_RETURN_TYPE = YES_ERROR;
				GCC_WARN_UNDECLARED_SELECTOR = YES;
				GCC_WARN_UNINITIALIZED_AUTOS = YES_AGGRESSIVE;
				GCC_WARN_UNUSED_FUNCTION = YES;
				GCC_WARN_UNUSED_VARIABLE = YES;
				IPHONEOS_DEPLOYMENT_TARGET = 15.0;
				LOCALIZATION_PREFERS_STRING_CATALOGS = YES;
				MTL_ENABLE_DEBUG_INFO = NO;
				MTL_FAST_MATH = YES;
				SDKROOT = iphoneos;
				SWIFT_COMPILATION_MODE = wholemodule;
				VALIDATE_PRODUCT = YES;
			};
			name = Release;
		};
		8F0301E92BFE87CF00945DDA /* Debug */ = {
			isa = XCBuildConfiguration;
			baseConfigurationReference = 495FF08267A5FB55C612C5BF /* Pods-AuthApp.debug.xcconfig */;
			buildSettings = {
				ASSETCATALOG_COMPILER_APPICON_NAME = AppIcon;
				ASSETCATALOG_COMPILER_GLOBAL_ACCENT_COLOR_NAME = AccentColor;
				CODE_SIGN_STYLE = Automatic;
				CURRENT_PROJECT_VERSION = 1;
				DEVELOPMENT_TEAM = AWNG6A5UPC;
				GENERATE_INFOPLIST_FILE = YES;
				INFOPLIST_FILE = AuthApp/Info.plist;
				INFOPLIST_KEY_UIApplicationSupportsIndirectInputEvents = YES;
				INFOPLIST_KEY_UILaunchStoryboardName = LaunchScreen;
				INFOPLIST_KEY_UISupportedInterfaceOrientations_iPad = "UIInterfaceOrientationPortrait UIInterfaceOrientationPortraitUpsideDown UIInterfaceOrientationLandscapeLeft UIInterfaceOrientationLandscapeRight";
				INFOPLIST_KEY_UISupportedInterfaceOrientations_iPhone = "UIInterfaceOrientationPortrait UIInterfaceOrientationLandscapeLeft UIInterfaceOrientationLandscapeRight";
				IPHONEOS_DEPLOYMENT_TARGET = 15.0;
				LD_RUNPATH_SEARCH_PATHS = (
					"$(inherited)",
					"@executable_path/Frameworks",
				);
				MARKETING_VERSION = 1.0;
				PRODUCT_BUNDLE_IDENTIFIER = com.example.AuthApp0206;
				PRODUCT_NAME = "$(TARGET_NAME)";
				SWIFT_EMIT_LOC_STRINGS = YES;
				SWIFT_VERSION = 5.0;
				TARGETED_DEVICE_FAMILY = "1,2";
			};
			name = Debug;
		};
		8F0301EA2BFE87CF00945DDA /* Release */ = {
			isa = XCBuildConfiguration;
			baseConfigurationReference = 6129C623526D0D28892761AE /* Pods-AuthApp.release.xcconfig */;
			buildSettings = {
				ASSETCATALOG_COMPILER_APPICON_NAME = AppIcon;
				ASSETCATALOG_COMPILER_GLOBAL_ACCENT_COLOR_NAME = AccentColor;
				CODE_SIGN_STYLE = Automatic;
				CURRENT_PROJECT_VERSION = 1;
				DEVELOPMENT_TEAM = AWNG6A5UPC;
				GENERATE_INFOPLIST_FILE = YES;
				INFOPLIST_FILE = AuthApp/Info.plist;
				INFOPLIST_KEY_UIApplicationSupportsIndirectInputEvents = YES;
				INFOPLIST_KEY_UILaunchStoryboardName = LaunchScreen;
				INFOPLIST_KEY_UISupportedInterfaceOrientations_iPad = "UIInterfaceOrientationPortrait UIInterfaceOrientationPortraitUpsideDown UIInterfaceOrientationLandscapeLeft UIInterfaceOrientationLandscapeRight";
				INFOPLIST_KEY_UISupportedInterfaceOrientations_iPhone = "UIInterfaceOrientationPortrait UIInterfaceOrientationLandscapeLeft UIInterfaceOrientationLandscapeRight";
				IPHONEOS_DEPLOYMENT_TARGET = 15.0;
				LD_RUNPATH_SEARCH_PATHS = (
					"$(inherited)",
					"@executable_path/Frameworks",
				);
				MARKETING_VERSION = 1.0;
				PRODUCT_BUNDLE_IDENTIFIER = com.example.AuthApp0206;
				PRODUCT_NAME = "$(TARGET_NAME)";
				SWIFT_EMIT_LOC_STRINGS = YES;
				SWIFT_VERSION = 5.0;
				TARGETED_DEVICE_FAMILY = "1,2";
			};
			name = Release;
		};
/* End XCBuildConfiguration section */

/* Begin XCConfigurationList section */
		8F0301CF2BFE87CE00945DDA /* Build configuration list for PBXProject "AuthApp" */ = {
			isa = XCConfigurationList;
			buildConfigurations = (
				8F0301E62BFE87CF00945DDA /* Debug */,
				8F0301E72BFE87CF00945DDA /* Release */,
			);
			defaultConfigurationIsVisible = 0;
			defaultConfigurationName = Release;
		};
		8F0301E82BFE87CF00945DDA /* Build configuration list for PBXNativeTarget "AuthApp" */ = {
			isa = XCConfigurationList;
			buildConfigurations = (
				8F0301E92BFE87CF00945DDA /* Debug */,
				8F0301EA2BFE87CF00945DDA /* Release */,
			);
			defaultConfigurationIsVisible = 0;
			defaultConfigurationName = Release;
		};
/* End XCConfigurationList section */
	};
	rootObject = 8F0301CC2BFE87CE00945DDA /* Project object */;
}
